
Microsoft Visual Studio Solution File, Format Version 12.00
# Visual Studio Version 17
VisualStudioVersion = 17.8.34330.188
MinimumVisualStudioVersion = 10.0.40219.1
Project("{FAE04EC0-301F-11D3-BF4B-00C04F79EFBC}") = "Kantor_WebAPI", "Kantor_WebAPI\Kantor_WebAPI.csproj", "{D73C9E15-784B-421E-A610-EA311503E7FC}"
EndProject
Global
	GlobalSection(SolutionConfigurationPlatforms) = preSolution
		Debug|Any CPU = Debug|Any CPU
		Release|Any CPU = Release|Any CPU
	EndGlobalSection
	GlobalSection(ProjectConfigurationPlatforms) = postSolution
		{D73C9E15-784B-421E-A610-EA311503E7FC}.Debug|Any CPU.ActiveCfg = Debug|Any CPU
		{D73C9E15-784B-421E-A610-EA311503E7FC}.Debug|Any CPU.Build.0 = Debug|Any CPU
		{D73C9E15-784B-421E-A610-EA311503E7FC}.Release|Any CPU.ActiveCfg = Release|Any CPU
		{D73C9E15-784B-421E-A610-EA311503E7FC}.Release|Any CPU.Build.0 = Release|Any CPU
	EndGlobalSection
	GlobalSection(SolutionProperties) = preSolution
		HideSolutionNode = FALSE
	EndGlobalSection
	GlobalSection(ExtensibilityGlobals) = postSolution
		SolutionGuid = {4C40219D-6195-4989-8F12-C144804D1561}
	EndGlobalSection
EndGlobal
